
Microsoft Visual Studio Solution File, Format Version 12.00
# Visual Studio Version 17
VisualStudioVersion = 17.5.33530.505
MinimumVisualStudioVersion = 10.0.40219.1
Project("{9A19103F-16F7-4668-BE54-9A1E7A4F7556}") = "Abilifier", "Abilifier.csproj", "{B1C39405-20CA-4883-956E-AE29270DE881}"
EndProject
Project("{9A19103F-16F7-4668-BE54-9A1E7A4F7556}") = "AbilifierEffectDataInjector", "..\Injector\AbilifierEffectDataInjector\AbilifierEffectDataInjector.csproj", "{254D2127-04CC-403D-806B-DB5B934B90E2}"
EndProject
Global
	GlobalSection(SolutionConfigurationPlatforms) = preSolution
		Debug|Any CPU = Debug|Any CPU
		Debug-NoCAE|Any CPU = Debug-NoCAE|Any CPU
		Release|Any CPU = Release|Any CPU
	EndGlobalSection
	GlobalSection(ProjectConfigurationPlatforms) = postSolution
		{B1C39405-20CA-4883-956E-AE29270DE881}.Debug|Any CPU.ActiveCfg = Debug|Any CPU
		{B1C39405-20CA-4883-956E-AE29270DE881}.Debug|Any CPU.Build.0 = Debug|Any CPU
		{B1C39405-20CA-4883-956E-AE29270DE881}.Debug-NoCAE|Any CPU.ActiveCfg = Debug|Any CPU
		{B1C39405-20CA-4883-956E-AE29270DE881}.Debug-NoCAE|Any CPU.Build.0 = Debug|Any CPU
		{B1C39405-20CA-4883-956E-AE29270DE881}.Release|Any CPU.ActiveCfg = Release|Any CPU
		{B1C39405-20CA-4883-956E-AE29270DE881}.Release|Any CPU.Build.0 = Release|Any CPU
		{254D2127-04CC-403D-806B-DB5B934B90E2}.Debug|Any CPU.ActiveCfg = Debug|Any CPU
		{254D2127-04CC-403D-806B-DB5B934B90E2}.Debug|Any CPU.Build.0 = Debug|Any CPU
		{254D2127-04CC-403D-806B-DB5B934B90E2}.Debug-NoCAE|Any CPU.ActiveCfg = Debug|Any CPU
		{254D2127-04CC-403D-806B-DB5B934B90E2}.Debug-NoCAE|Any CPU.Build.0 = Debug|Any CPU
		{254D2127-04CC-403D-806B-DB5B934B90E2}.Release|Any CPU.ActiveCfg = Release|Any CPU
		{254D2127-04CC-403D-806B-DB5B934B90E2}.Release|Any CPU.Build.0 = Release|Any CPU
	EndGlobalSection
	GlobalSection(SolutionProperties) = preSolution
		HideSolutionNode = FALSE
	EndGlobalSection
	GlobalSection(ExtensibilityGlobals) = postSolution
		SolutionGuid = {2C177EB1-8D25-432B-9550-F0B23FA32AA8}
	EndGlobalSection
EndGlobal
